
Microsoft Visual Studio Solution File, Format Version 11.00
# Visual Studio 2010
Project("{FAE04EC0-301F-11D3-BF4B-00C04F79EFBC}") = "Assembly-CSharp", "Assembly-CSharp.csproj", "{FC7F3723-6626-8C87-E813-929217821353}"
EndProject
Project("{FAE04EC0-301F-11D3-BF4B-00C04F79EFBC}") = "Assembly-CSharp-firstpass", "Assembly-CSharp-firstpass.csproj", "{11A3EC70-257E-2794-7250-72ADDF3D514C}"
EndProject
Global
	GlobalSection(SolutionConfigurationPlatforms) = preSolution
		Debug|Any CPU = Debug|Any CPU
		Release|Any CPU = Release|Any CPU
	EndGlobalSection
	GlobalSection(ProjectConfigurationPlatforms) = postSolution
		{FC7F3723-6626-8C87-E813-929217821353}.Debug|Any CPU.ActiveCfg = Debug|Any CPU
		{FC7F3723-6626-8C87-E813-929217821353}.Debug|Any CPU.Build.0 = Debug|Any CPU
		{FC7F3723-6626-8C87-E813-929217821353}.Release|Any CPU.ActiveCfg = Release|Any CPU
		{FC7F3723-6626-8C87-E813-929217821353}.Release|Any CPU.Build.0 = Release|Any CPU
		{11A3EC70-257E-2794-7250-72ADDF3D514C}.Debug|Any CPU.ActiveCfg = Debug|Any CPU
		{11A3EC70-257E-2794-7250-72ADDF3D514C}.Debug|Any CPU.Build.0 = Debug|Any CPU
		{11A3EC70-257E-2794-7250-72ADDF3D514C}.Release|Any CPU.ActiveCfg = Release|Any CPU
		{11A3EC70-257E-2794-7250-72ADDF3D514C}.Release|Any CPU.Build.0 = Release|Any CPU
	EndGlobalSection
	GlobalSection(SolutionProperties) = preSolution
		HideSolutionNode = FALSE
	EndGlobalSection
	GlobalSection(MonoDevelopProperties) = preSolution
		StartupItem = Assembly-CSharp.csproj
		Policies = $0
		$0.TextStylePolicy = $1
		$1.inheritsSet = null
		$1.scope = text/x-csharp
		$0.CSharpFormattingPolicy = $2
		$2.inheritsSet = Mono
		$2.inheritsScope = text/x-csharp
		$2.scope = text/x-csharp
		$0.TextStylePolicy = $3
		$3.FileWidth = 120
		$3.TabWidth = 4
		$3.EolMarker = Unix
		$3.inheritsSet = Mono
		$3.inheritsScope = text/plain
		$3.scope = text/plain
	EndGlobalSection
EndGlobal
